{
  "name": "client",
  "version": "1.0.0",
  "lockfileVersion": 3,
  "requires": true,
  "packages": {
    "": {
      "name": "client",
      "version": "1.0.0",
      "license": "ISC",
      "dependencies": {
        "tinymce": "^8.2.2"
      },
      "devDependencies": {}
    },
    "node_modules/tinymce": {
      "version": "8.2.2",
      "resolved": "https://registry.npmjs.org/tinymce/-/tinymce-8.2.2.tgz",
      "integrity": "sha512-CFDSZwciMvFGW2czK/Xig1HcOGpXI0qcQMIqaIcG2F4RuuTdf+LQTreyEZunAJoFTQ9L0KAugOqL7OA5TJkoAA==",
      "license": "GPL-2.0-or-later"
    }
  }
}
